{
  "name": "@bookarium/codex-connector",
  "version": "0.1.0",
  "lockfileVersion": 3,
  "requires": true,
  "packages": {
    "": {
      "name": "@bookarium/codex-connector",
      "version": "0.1.0",
      "license": "MIT",
      "bin": {
        "bookarium-codex-connector": "bin/bookarium-codex-connector.mjs"
      },
      "engines": {
        "node": ">=20.18.1"
      }
    }
  }
}
